
Microsoft Visual Studio Solution File, Format Version 12.00
# Visual Studio 2013
VisualStudioVersion = 12.0.21005.1
MinimumVisualStudioVersion = 10.0.40219.1
Project("{FAE04EC0-301F-11D3-BF4B-00C04F79EFBC}") = "CloudFox.Presentation", "CloudFox.Presentation\CloudFox.Presentation.csproj", "{5507159B-ABED-43AD-AF3E-2C6515B4E352}"
EndProject
Project("{FAE04EC0-301F-11D3-BF4B-00C04F79EFBC}") = "CloudFox.Weave", "CloudFox.Weave\CloudFox.Weave.csproj", "{089C1074-82BF-47DF-A48F-7DD7E8DAEB0B}"
EndProject
Project("{FAE04EC0-301F-11D3-BF4B-00C04F79EFBC}") = "CloudFox.Util", "CloudFox.Util\CloudFox.Util.csproj", "{F057D663-9962-4A73-B32A-8C2BF54E0AED}"
EndProject
Project("{FAE04EC0-301F-11D3-BF4B-00C04F79EFBC}") = "CloudFox.Tests.Runner", "CloudFox.Tests.Runner\CloudFox.Tests.Runner.csproj", "{CC8A1A77-70CA-4508-BFB5-A1FD0F71B947}"
EndProject
Project("{FAE04EC0-301F-11D3-BF4B-00C04F79EFBC}") = "CloudFox.Weave.Tests", "CloudFox.Weave.Tests\CloudFox.Weave.Tests.csproj", "{FD7912C7-9217-47D3-A307-EC0386596D44}"
EndProject
Project("{FAE04EC0-301F-11D3-BF4B-00C04F79EFBC}") = "CloudFox.Tests.Util", "CloudFox.Tests.Util\CloudFox.Tests.Util.csproj", "{210D2BC0-AF26-4F7C-96AF-DB59AE69934F}"
EndProject
Global
	GlobalSection(SolutionConfigurationPlatforms) = preSolution
		Debug|Any CPU = Debug|Any CPU
		Debug|ARM = Debug|ARM
		Debug|x86 = Debug|x86
		Release|Any CPU = Release|Any CPU
		Release|ARM = Release|ARM
		Release|x86 = Release|x86
	EndGlobalSection
	GlobalSection(ProjectConfigurationPlatforms) = postSolution
		{5507159B-ABED-43AD-AF3E-2C6515B4E352}.Debug|Any CPU.ActiveCfg = Debug|Any CPU
		{5507159B-ABED-43AD-AF3E-2C6515B4E352}.Debug|Any CPU.Build.0 = Debug|Any CPU
		{5507159B-ABED-43AD-AF3E-2C6515B4E352}.Debug|Any CPU.Deploy.0 = Debug|Any CPU
		{5507159B-ABED-43AD-AF3E-2C6515B4E352}.Debug|ARM.ActiveCfg = Debug|ARM
		{5507159B-ABED-43AD-AF3E-2C6515B4E352}.Debug|ARM.Build.0 = Debug|ARM
		{5507159B-ABED-43AD-AF3E-2C6515B4E352}.Debug|ARM.Deploy.0 = Debug|ARM
		{5507159B-ABED-43AD-AF3E-2C6515B4E352}.Debug|x86.ActiveCfg = Debug|x86
		{5507159B-ABED-43AD-AF3E-2C6515B4E352}.Debug|x86.Build.0 = Debug|x86
		{5507159B-ABED-43AD-AF3E-2C6515B4E352}.Debug|x86.Deploy.0 = Debug|x86
		{5507159B-ABED-43AD-AF3E-2C6515B4E352}.Release|Any CPU.ActiveCfg = Release|Any CPU
		{5507159B-ABED-43AD-AF3E-2C6515B4E352}.Release|Any CPU.Build.0 = Release|Any CPU
		{5507159B-ABED-43AD-AF3E-2C6515B4E352}.Release|Any CPU.Deploy.0 = Release|Any CPU
		{5507159B-ABED-43AD-AF3E-2C6515B4E352}.Release|ARM.ActiveCfg = Release|ARM
		{5507159B-ABED-43AD-AF3E-2C6515B4E352}.Release|ARM.Build.0 = Release|ARM
		{5507159B-ABED-43AD-AF3E-2C6515B4E352}.Release|ARM.Deploy.0 = Release|ARM
		{5507159B-ABED-43AD-AF3E-2C6515B4E352}.Release|x86.ActiveCfg = Release|x86
		{5507159B-ABED-43AD-AF3E-2C6515B4E352}.Release|x86.Build.0 = Release|x86
		{5507159B-ABED-43AD-AF3E-2C6515B4E352}.Release|x86.Deploy.0 = Release|x86
		{089C1074-82BF-47DF-A48F-7DD7E8DAEB0B}.Debug|Any CPU.ActiveCfg = Debug|Any CPU
		{089C1074-82BF-47DF-A48F-7DD7E8DAEB0B}.Debug|Any CPU.Build.0 = Debug|Any CPU
		{089C1074-82BF-47DF-A48F-7DD7E8DAEB0B}.Debug|ARM.ActiveCfg = Debug|ARM
		{089C1074-82BF-47DF-A48F-7DD7E8DAEB0B}.Debug|ARM.Build.0 = Debug|ARM
		{089C1074-82BF-47DF-A48F-7DD7E8DAEB0B}.Debug|x86.ActiveCfg = Debug|x86
		{089C1074-82BF-47DF-A48F-7DD7E8DAEB0B}.Debug|x86.Build.0 = Debug|x86
		{089C1074-82BF-47DF-A48F-7DD7E8DAEB0B}.Release|Any CPU.ActiveCfg = Release|Any CPU
		{089C1074-82BF-47DF-A48F-7DD7E8DAEB0B}.Release|Any CPU.Build.0 = Release|Any CPU
		{089C1074-82BF-47DF-A48F-7DD7E8DAEB0B}.Release|ARM.ActiveCfg = Release|ARM
		{089C1074-82BF-47DF-A48F-7DD7E8DAEB0B}.Release|ARM.Build.0 = Release|ARM
		{089C1074-82BF-47DF-A48F-7DD7E8DAEB0B}.Release|x86.ActiveCfg = Release|x86
		{089C1074-82BF-47DF-A48F-7DD7E8DAEB0B}.Release|x86.Build.0 = Release|x86
		{F057D663-9962-4A73-B32A-8C2BF54E0AED}.Debug|Any CPU.ActiveCfg = Debug|Any CPU
		{F057D663-9962-4A73-B32A-8C2BF54E0AED}.Debug|Any CPU.Build.0 = Debug|Any CPU
		{F057D663-9962-4A73-B32A-8C2BF54E0AED}.Debug|ARM.ActiveCfg = Debug|ARM
		{F057D663-9962-4A73-B32A-8C2BF54E0AED}.Debug|ARM.Build.0 = Debug|ARM
		{F057D663-9962-4A73-B32A-8C2BF54E0AED}.Debug|x86.ActiveCfg = Debug|x86
		{F057D663-9962-4A73-B32A-8C2BF54E0AED}.Debug|x86.Build.0 = Debug|x86
		{F057D663-9962-4A73-B32A-8C2BF54E0AED}.Release|Any CPU.ActiveCfg = Release|Any CPU
		{F057D663-9962-4A73-B32A-8C2BF54E0AED}.Release|Any CPU.Build.0 = Release|Any CPU
		{F057D663-9962-4A73-B32A-8C2BF54E0AED}.Release|ARM.ActiveCfg = Release|ARM
		{F057D663-9962-4A73-B32A-8C2BF54E0AED}.Release|ARM.Build.0 = Release|ARM
		{F057D663-9962-4A73-B32A-8C2BF54E0AED}.Release|x86.ActiveCfg = Release|x86
		{F057D663-9962-4A73-B32A-8C2BF54E0AED}.Release|x86.Build.0 = Release|x86
		{CC8A1A77-70CA-4508-BFB5-A1FD0F71B947}.Debug|Any CPU.ActiveCfg = Debug|Any CPU
		{CC8A1A77-70CA-4508-BFB5-A1FD0F71B947}.Debug|Any CPU.Build.0 = Debug|Any CPU
		{CC8A1A77-70CA-4508-BFB5-A1FD0F71B947}.Debug|Any CPU.Deploy.0 = Debug|Any CPU
		{CC8A1A77-70CA-4508-BFB5-A1FD0F71B947}.Debug|ARM.ActiveCfg = Debug|ARM
		{CC8A1A77-70CA-4508-BFB5-A1FD0F71B947}.Debug|ARM.Build.0 = Debug|ARM
		{CC8A1A77-70CA-4508-BFB5-A1FD0F71B947}.Debug|ARM.Deploy.0 = Debug|ARM
		{CC8A1A77-70CA-4508-BFB5-A1FD0F71B947}.Debug|x86.ActiveCfg = Debug|x86
		{CC8A1A77-70CA-4508-BFB5-A1FD0F71B947}.Debug|x86.Build.0 = Debug|x86
		{CC8A1A77-70CA-4508-BFB5-A1FD0F71B947}.Debug|x86.Deploy.0 = Debug|x86
		{CC8A1A77-70CA-4508-BFB5-A1FD0F71B947}.Release|Any CPU.ActiveCfg = Release|Any CPU
		{CC8A1A77-70CA-4508-BFB5-A1FD0F71B947}.Release|Any CPU.Build.0 = Release|Any CPU
		{CC8A1A77-70CA-4508-BFB5-A1FD0F71B947}.Release|Any CPU.Deploy.0 = Release|Any CPU
		{CC8A1A77-70CA-4508-BFB5-A1FD0F71B947}.Release|ARM.ActiveCfg = Release|ARM
		{CC8A1A77-70CA-4508-BFB5-A1FD0F71B947}.Release|ARM.Build.0 = Release|ARM
		{CC8A1A77-70CA-4508-BFB5-A1FD0F71B947}.Release|ARM.Deploy.0 = Release|ARM
		{CC8A1A77-70CA-4508-BFB5-A1FD0F71B947}.Release|x86.ActiveCfg = Release|x86
		{CC8A1A77-70CA-4508-BFB5-A1FD0F71B947}.Release|x86.Build.0 = Release|x86
		{CC8A1A77-70CA-4508-BFB5-A1FD0F71B947}.Release|x86.Deploy.0 = Release|x86
		{FD7912C7-9217-47D3-A307-EC0386596D44}.Debug|Any CPU.ActiveCfg = Debug|Any CPU
		{FD7912C7-9217-47D3-A307-EC0386596D44}.Debug|Any CPU.Build.0 = Debug|Any CPU
		{FD7912C7-9217-47D3-A307-EC0386596D44}.Debug|ARM.ActiveCfg = Debug|ARM
		{FD7912C7-9217-47D3-A307-EC0386596D44}.Debug|ARM.Build.0 = Debug|ARM
		{FD7912C7-9217-47D3-A307-EC0386596D44}.Debug|x86.ActiveCfg = Debug|x86
		{FD7912C7-9217-47D3-A307-EC0386596D44}.Debug|x86.Build.0 = Debug|x86
		{FD7912C7-9217-47D3-A307-EC0386596D44}.Release|Any CPU.ActiveCfg = Release|Any CPU
		{FD7912C7-9217-47D3-A307-EC0386596D44}.Release|Any CPU.Build.0 = Release|Any CPU
		{FD7912C7-9217-47D3-A307-EC0386596D44}.Release|ARM.ActiveCfg = Release|ARM
		{FD7912C7-9217-47D3-A307-EC0386596D44}.Release|ARM.Build.0 = Release|ARM
		{FD7912C7-9217-47D3-A307-EC0386596D44}.Release|x86.ActiveCfg = Release|x86
		{FD7912C7-9217-47D3-A307-EC0386596D44}.Release|x86.Build.0 = Release|x86
		{210D2BC0-AF26-4F7C-96AF-DB59AE69934F}.Debug|Any CPU.ActiveCfg = Debug|Any CPU
		{210D2BC0-AF26-4F7C-96AF-DB59AE69934F}.Debug|Any CPU.Build.0 = Debug|Any CPU
		{210D2BC0-AF26-4F7C-96AF-DB59AE69934F}.Debug|ARM.ActiveCfg = Debug|ARM
		{210D2BC0-AF26-4F7C-96AF-DB59AE69934F}.Debug|ARM.Build.0 = Debug|ARM
		{210D2BC0-AF26-4F7C-96AF-DB59AE69934F}.Debug|x86.ActiveCfg = Debug|x86
		{210D2BC0-AF26-4F7C-96AF-DB59AE69934F}.Debug|x86.Build.0 = Debug|x86
		{210D2BC0-AF26-4F7C-96AF-DB59AE69934F}.Release|Any CPU.ActiveCfg = Release|Any CPU
		{210D2BC0-AF26-4F7C-96AF-DB59AE69934F}.Release|Any CPU.Build.0 = Release|Any CPU
		{210D2BC0-AF26-4F7C-96AF-DB59AE69934F}.Release|ARM.ActiveCfg = Release|ARM
		{210D2BC0-AF26-4F7C-96AF-DB59AE69934F}.Release|ARM.Build.0 = Release|ARM
		{210D2BC0-AF26-4F7C-96AF-DB59AE69934F}.Release|x86.ActiveCfg = Release|x86
		{210D2BC0-AF26-4F7C-96AF-DB59AE69934F}.Release|x86.Build.0 = Release|x86
	EndGlobalSection
	GlobalSection(SolutionProperties) = preSolution
		HideSolutionNode = FALSE
	EndGlobalSection
EndGlobal
